// !$*UTF8*$!
{
	archiveVersion = 1;
	classes = {
	};
	objectVersion = 56;
	objects = {

/* Begin PBXBuildFile section */
		02DD105F2A20F3E100DCFC0D /* AppDelegate.swift in Sources */ = {isa = PBXBuildFile; fileRef = 02DD105E2A20F3E100DCFC0D /* AppDelegate.swift */; };
		02DD10612A20F3E100DCFC0D /* SceneDelegate.swift in Sources */ = {isa = PBXBuildFile; fileRef = 02DD10602A20F3E100DCFC0D /* SceneDelegate.swift */; };
		02DD10682A20F3E500DCFC0D /* Assets.xcassets in Resources */ = {isa = PBXBuildFile; fileRef = 02DD10672A20F3E500DCFC0D /* Assets.xcassets */; };
		02DD10762A20F3E500DCFC0D /* ios_study_assignmentTests.swift in Sources */ = {isa = PBXBuildFile; fileRef = 02DD10752A20F3E500DCFC0D /* ios_study_assignmentTests.swift */; };
		02DD10802A20F3E500DCFC0D /* ios_study_assignmentUITests.swift in Sources */ = {isa = PBXBuildFile; fileRef = 02DD107F2A20F3E500DCFC0D /* ios_study_assignmentUITests.swift */; };
		02DD10822A20F3E500DCFC0D /* ios_study_assignmentUITestsLaunchTests.swift in Sources */ = {isa = PBXBuildFile; fileRef = 02DD10812A20F3E500DCFC0D /* ios_study_assignmentUITestsLaunchTests.swift */; };
		02DD10972A20F76100DCFC0D /* Common in Frameworks */ = {isa = PBXBuildFile; productRef = 02DD10962A20F76100DCFC0D /* Common */; };
		02DD10992A20F76100DCFC0D /* Domain in Frameworks */ = {isa = PBXBuildFile; productRef = 02DD10982A20F76100DCFC0D /* Domain */; };
		02DD109B2A20F76100DCFC0D /* Network in Frameworks */ = {isa = PBXBuildFile; productRef = 02DD109A2A20F76100DCFC0D /* Network */; };
/* End PBXBuildFile section */

/* Begin PBXContainerItemProxy section */
		02DD10722A20F3E500DCFC0D /* PBXContainerItemProxy */ = {
			isa = PBXContainerItemProxy;
			containerPortal = 02DD10532A20F3E100DCFC0D /* Project object */;
			proxyType = 1;
			remoteGlobalIDString = 02DD105A2A20F3E100DCFC0D;
			remoteInfo = "ios-study-assignment";
		};
		02DD107C2A20F3E500DCFC0D /* PBXContainerItemProxy */ = {
			isa = PBXContainerItemProxy;
			containerPortal = 02DD10532A20F3E100DCFC0D /* Project object */;
			proxyType = 1;
			remoteGlobalIDString = 02DD105A2A20F3E100DCFC0D;
			remoteInfo = "ios-study-assignment";
		};
/* End PBXContainerItemProxy section */

/* Begin PBXFileReference section */
		02DD105B2A20F3E100DCFC0D /* ios-study-assignment.app */ = {isa = PBXFileReference; explicitFileType = wrapper.application; includeInIndex = 0; path = "ios-study-assignment.app"; sourceTree = BUILT_PRODUCTS_DIR; };
		02DD105E2A20F3E100DCFC0D /* AppDelegate.swift */ = {isa = PBXFileReference; lastKnownFileType = sourcecode.swift; path = AppDelegate.swift; sourceTree = "<group>"; };
		02DD10602A20F3E100DCFC0D /* SceneDelegate.swift */ = {isa = PBXFileReference; lastKnownFileType = sourcecode.swift; path = SceneDelegate.swift; sourceTree = "<group>"; };
		02DD10672A20F3E500DCFC0D /* Assets.xcassets */ = {isa = PBXFileReference; lastKnownFileType = folder.assetcatalog; path = Assets.xcassets; sourceTree = "<group>"; };
		02DD106C2A20F3E500DCFC0D /* Info.plist */ = {isa = PBXFileReference; lastKnownFileType = text.plist.xml; path = Info.plist; sourceTree = "<group>"; };
		02DD10712A20F3E500DCFC0D /* ios-study-assignmentTests.xctest */ = {isa = PBXFileReference; explicitFileType = wrapper.cfbundle; includeInIndex = 0; path = "ios-study-assignmentTests.xctest"; sourceTree = BUILT_PRODUCTS_DIR; };
		02DD10752A20F3E500DCFC0D /* ios_study_assignmentTests.swift */ = {isa = PBXFileReference; lastKnownFileType = sourcecode.swift; path = ios_study_assignmentTests.swift; sourceTree = "<group>"; };
		02DD107B2A20F3E500DCFC0D /* ios-study-assignmentUITests.xctest */ = {isa = PBXFileReference; explicitFileType = wrapper.cfbundle; includeInIndex = 0; path = "ios-study-assignmentUITests.xctest"; sourceTree = BUILT_PRODUCTS_DIR; };
		02DD107F2A20F3E500DCFC0D /* ios_study_assignmentUITests.swift */ = {isa = PBXFileReference; lastKnownFileType = sourcecode.swift; path = ios_study_assignmentUITests.swift; sourceTree = "<group>"; };
		02DD10812A20F3E500DCFC0D /* ios_study_assignmentUITestsLaunchTests.swift */ = {isa = PBXFileReference; lastKnownFileType = sourcecode.swift; path = ios_study_assignmentUITestsLaunchTests.swift; sourceTree = "<group>"; };
		02DD10922A20F61A00DCFC0D /* Network */ = {isa = PBXFileReference; lastKnownFileType = wrapper; path = Network; sourceTree = "<group>"; };
		02DD10932A20F63A00DCFC0D /* Domain */ = {isa = PBXFileReference; lastKnownFileType = wrapper; path = Domain; sourceTree = "<group>"; };
		02DD10942A20F65300DCFC0D /* Common */ = {isa = PBXFileReference; lastKnownFileType = wrapper; path = Common; sourceTree = "<group>"; };
/* End PBXFileReference section */

/* Begin PBXFrameworksBuildPhase section */
		02DD10582A20F3E100DCFC0D /* Frameworks */ = {
			isa = PBXFrameworksBuildPhase;
			buildActionMask = 2147483647;
			files = (
				02DD109B2A20F76100DCFC0D /* Network in Frameworks */,
				02DD10992A20F76100DCFC0D /* Domain in Frameworks */,
				02DD10972A20F76100DCFC0D /* Common in Frameworks */,
			);
			runOnlyForDeploymentPostprocessing = 0;
		};
		02DD106E2A20F3E500DCFC0D /* Frameworks */ = {
			isa = PBXFrameworksBuildPhase;
			buildActionMask = 2147483647;
			files = (
			);
			runOnlyForDeploymentPostprocessing = 0;
		};
		02DD10782A20F3E500DCFC0D /* Frameworks */ = {
			isa = PBXFrameworksBuildPhase;
			buildActionMask = 2147483647;
			files = (
			);
			runOnlyForDeploymentPostprocessing = 0;
		};
/* End PBXFrameworksBuildPhase section */

/* Begin PBXGroup section */
		02DD10522A20F3E100DCFC0D = {
			isa = PBXGroup;
			children = (
				02DD10912A20F5AE00DCFC0D /* Modules */,
				02DD105D2A20F3E100DCFC0D /* ios-study-assignment */,
				02DD10742A20F3E500DCFC0D /* ios-study-assignmentTests */,
				02DD107E2A20F3E500DCFC0D /* ios-study-assignmentUITests */,
				02DD105C2A20F3E100DCFC0D /* Products */,
				02DD10952A20F76100DCFC0D /* Frameworks */,
			);
			sourceTree = "<group>";
		};
		02DD105C2A20F3E100DCFC0D /* Products */ = {
			isa = PBXGroup;
			children = (
				02DD105B2A20F3E100DCFC0D /* ios-study-assignment.app */,
				02DD10712A20F3E500DCFC0D /* ios-study-assignmentTests.xctest */,
				02DD107B2A20F3E500DCFC0D /* ios-study-assignmentUITests.xctest */,
			);
			name = Products;
			sourceTree = "<group>";
		};
		02DD105D2A20F3E100DCFC0D /* ios-study-assignment */ = {
			isa = PBXGroup;
			children = (
				02DD108E2A20F4C100DCFC0D /* Resources */,
				02DD108F2A20F4D000DCFC0D /* Sources */,
			);
			path = "ios-study-assignment";
			sourceTree = "<group>";
		};
		02DD10742A20F3E500DCFC0D /* ios-study-assignmentTests */ = {
			isa = PBXGroup;
			children = (
				02DD10752A20F3E500DCFC0D /* ios_study_assignmentTests.swift */,
			);
			path = "ios-study-assignmentTests";
			sourceTree = "<group>";
		};
		02DD107E2A20F3E500DCFC0D /* ios-study-assignmentUITests */ = {
			isa = PBXGroup;
			children = (
				02DD107F2A20F3E500DCFC0D /* ios_study_assignmentUITests.swift */,
				02DD10812A20F3E500DCFC0D /* ios_study_assignmentUITestsLaunchTests.swift */,
			);
			path = "ios-study-assignmentUITests";
			sourceTree = "<group>";
		};
		02DD108E2A20F4C100DCFC0D /* Resources */ = {
			isa = PBXGroup;
			children = (
				02DD106C2A20F3E500DCFC0D /* Info.plist */,
				02DD10672A20F3E500DCFC0D /* Assets.xcassets */,
			);
			path = Resources;
			sourceTree = "<group>";
		};
		02DD108F2A20F4D000DCFC0D /* Sources */ = {
			isa = PBXGroup;
			children = (
				02DD10902A20F4D900DCFC0D /* Application */,
			);
			path = Sources;
			sourceTree = "<group>";
		};
		02DD10902A20F4D900DCFC0D /* Application */ = {
			isa = PBXGroup;
			children = (
				02DD105E2A20F3E100DCFC0D /* AppDelegate.swift */,
				02DD10602A20F3E100DCFC0D /* SceneDelegate.swift */,
			);
			path = Application;
			sourceTree = "<group>";
		};
		02DD10912A20F5AE00DCFC0D /* Modules */ = {
			isa = PBXGroup;
			children = (
				02DD10942A20F65300DCFC0D /* Common */,
				02DD10932A20F63A00DCFC0D /* Domain */,
				02DD10922A20F61A00DCFC0D /* Network */,
			);
			path = Modules;
			sourceTree = "<group>";
		};
		02DD10952A20F76100DCFC0D /* Frameworks */ = {
			isa = PBXGroup;
			children = (
			);
			name = Frameworks;
			sourceTree = "<group>";
		};
/* End PBXGroup section */

/* Begin PBXNativeTarget section */
		02DD105A2A20F3E100DCFC0D /* ios-study-assignment */ = {
			isa = PBXNativeTarget;
			buildConfigurationList = 02DD10852A20F3E500DCFC0D /* Build configuration list for PBXNativeTarget "ios-study-assignment" */;
			buildPhases = (
				02DD10572A20F3E100DCFC0D /* Sources */,
				02DD10582A20F3E100DCFC0D /* Frameworks */,
				02DD10592A20F3E100DCFC0D /* Resources */,
			);
			buildRules = (
			);
			dependencies = (
			);
			name = "ios-study-assignment";
			packageProductDependencies = (
				02DD10962A20F76100DCFC0D /* Common */,
				02DD10982A20F76100DCFC0D /* Domain */,
				02DD109A2A20F76100DCFC0D /* Network */,
			);
			productName = "ios-study-assignment";
			productReference = 02DD105B2A20F3E100DCFC0D /* ios-study-assignment.app */;
			productType = "com.apple.product-type.application";
		};
		02DD10702A20F3E500DCFC0D /* ios-study-assignmentTests */ = {
			isa = PBXNativeTarget;
			buildConfigurationList = 02DD10882A20F3E500DCFC0D /* Build configuration list for PBXNativeTarget "ios-study-assignmentTests" */;
			buildPhases = (
				02DD106D2A20F3E500DCFC0D /* Sources */,
				02DD106E2A20F3E500DCFC0D /* Frameworks */,
				02DD106F2A20F3E500DCFC0D /* Resources */,
			);
			buildRules = (
			);
			dependencies = (
				02DD10732A20F3E500DCFC0D /* PBXTargetDependency */,
			);
			name = "ios-study-assignmentTests";
			productName = "ios-study-assignmentTests";
			productReference = 02DD10712A20F3E500DCFC0D /* ios-study-assignmentTests.xctest */;
			productType = "com.apple.product-type.bundle.unit-test";
		};
		02DD107A2A20F3E500DCFC0D /* ios-study-assignmentUITests */ = {
			isa = PBXNativeTarget;
			buildConfigurationList = 02DD108B2A20F3E500DCFC0D /* Build configuration list for PBXNativeTarget "ios-study-assignmentUITests" */;
			buildPhases = (
				02DD10772A20F3E500DCFC0D /* Sources */,
				02DD10782A20F3E500DCFC0D /* Frameworks */,
				02DD10792A20F3E500DCFC0D /* Resources */,
			);
			buildRules = (
			);
			dependencies = (
				02DD107D2A20F3E500DCFC0D /* PBXTargetDependency */,
			);
			name = "ios-study-assignmentUITests";
			productName = "ios-study-assignmentUITests";
			productReference = 02DD107B2A20F3E500DCFC0D /* ios-study-assignmentUITests.xctest */;
			productType = "com.apple.product-type.bundle.ui-testing";
		};
/* End PBXNativeTarget section */

/* Begin PBXProject section */
		02DD10532A20F3E100DCFC0D /* Project object */ = {
			isa = PBXProject;
			attributes = {
				BuildIndependentTargetsInParallel = 1;
				LastSwiftUpdateCheck = 1430;
				LastUpgradeCheck = 1430;
				TargetAttributes = {
					02DD105A2A20F3E100DCFC0D = {
						CreatedOnToolsVersion = 14.3;
					};
					02DD10702A20F3E500DCFC0D = {
						CreatedOnToolsVersion = 14.3;
						TestTargetID = 02DD105A2A20F3E100DCFC0D;
					};
					02DD107A2A20F3E500DCFC0D = {
						CreatedOnToolsVersion = 14.3;
						TestTargetID = 02DD105A2A20F3E100DCFC0D;
					};
				};
			};
			buildConfigurationList = 02DD10562A20F3E100DCFC0D /* Build configuration list for PBXProject "ios-study-assignment" */;
			compatibilityVersion = "Xcode 14.0";
			developmentRegion = en;
			hasScannedForEncodings = 0;
			knownRegions = (
				en,
				Base,
			);
			mainGroup = 02DD10522A20F3E100DCFC0D;
			productRefGroup = 02DD105C2A20F3E100DCFC0D /* Products */;
			projectDirPath = "";
			projectRoot = "";
			targets = (
				02DD105A2A20F3E100DCFC0D /* ios-study-assignment */,
				02DD10702A20F3E500DCFC0D /* ios-study-assignmentTests */,
				02DD107A2A20F3E500DCFC0D /* ios-study-assignmentUITests */,
			);
		};
/* End PBXProject section */

/* Begin PBXResourcesBuildPhase section */
		02DD10592A20F3E100DCFC0D /* Resources */ = {
			isa = PBXResourcesBuildPhase;
			buildActionMask = 2147483647;
			files = (
				02DD10682A20F3E500DCFC0D /* Assets.xcassets in Resources */,
			);
			runOnlyForDeploymentPostprocessing = 0;
		};
		02DD106F2A20F3E500DCFC0D /* Resources */ = {
			isa = PBXResourcesBuildPhase;
			buildActionMask = 2147483647;
			files = (
			);
			runOnlyForDeploymentPostprocessing = 0;
		};
		02DD10792A20F3E500DCFC0D /* Resources */ = {
			isa = PBXResourcesBuildPhase;
			buildActionMask = 2147483647;
			files = (
			);
			runOnlyForDeploymentPostprocessing = 0;
		};
/* End PBXResourcesBuildPhase section */

/* Begin PBXSourcesBuildPhase section */
		02DD10572A20F3E100DCFC0D /* Sources */ = {
			isa = PBXSourcesBuildPhase;
			buildActionMask = 2147483647;
			files = (
				02DD105F2A20F3E100DCFC0D /* AppDelegate.swift in Sources */,
				02DD10612A20F3E100DCFC0D /* SceneDelegate.swift in Sources */,
			);
			runOnlyForDeploymentPostprocessing = 0;
		};
		02DD106D2A20F3E500DCFC0D /* Sources */ = {
			isa = PBXSourcesBuildPhase;
			buildActionMask = 2147483647;
			files = (
				02DD10762A20F3E500DCFC0D /* ios_study_assignmentTests.swift in Sources */,
			);
			runOnlyForDeploymentPostprocessing = 0;
		};
		02DD10772A20F3E500DCFC0D /* Sources */ = {
			isa = PBXSourcesBuildPhase;
			buildActionMask = 2147483647;
			files = (
				02DD10802A20F3E500DCFC0D /* ios_study_assignmentUITests.swift in Sources */,
				02DD10822A20F3E500DCFC0D /* ios_study_assignmentUITestsLaunchTests.swift in Sources */,
			);
			runOnlyForDeploymentPostprocessing = 0;
		};
/* End PBXSourcesBuildPhase section */

/* Begin PBXTargetDependency section */
		02DD10732A20F3E500DCFC0D /* PBXTargetDependency */ = {
			isa = PBXTargetDependency;
			target = 02DD105A2A20F3E100DCFC0D /* ios-study-assignment */;
			targetProxy = 02DD10722A20F3E500DCFC0D /* PBXContainerItemProxy */;
		};
		02DD107D2A20F3E500DCFC0D /* PBXTargetDependency */ = {
			isa = PBXTargetDependency;
			target = 02DD105A2A20F3E100DCFC0D /* ios-study-assignment */;
			targetProxy = 02DD107C2A20F3E500DCFC0D /* PBXContainerItemProxy */;
		};
/* End PBXTargetDependency section */

/* Begin XCBuildConfiguration section */
		02DD10832A20F3E500DCFC0D /* Debug */ = {
			isa = XCBuildConfiguration;
			buildSettings = {
				ALWAYS_SEARCH_USER_PATHS = NO;
				CLANG_ANALYZER_NONNULL = YES;
				CLANG_ANALYZER_NUMBER_OBJECT_CONVERSION = YES_AGGRESSIVE;
				CLANG_CXX_LANGUAGE_STANDARD = "gnu++20";
				CLANG_ENABLE_MODULES = YES;
				CLANG_ENABLE_OBJC_ARC = YES;
				CLANG_ENABLE_OBJC_WEAK = YES;
				CLANG_WARN_BLOCK_CAPTURE_AUTORELEASING = YES;
				CLANG_WARN_BOOL_CONVERSION = YES;
				CLANG_WARN_COMMA = YES;
				CLANG_WARN_CONSTANT_CONVERSION = YES;
				CLANG_WARN_DEPRECATED_OBJC_IMPLEMENTATIONS = YES;
				CLANG_WARN_DIRECT_OBJC_ISA_USAGE = YES_ERROR;
				CLANG_WARN_DOCUMENTATION_COMMENTS = YES;
				CLANG_WARN_EMPTY_BODY = YES;
				CLANG_WARN_ENUM_CONVERSION = YES;
				CLANG_WARN_INFINITE_RECURSION = YES;
				CLANG_WARN_INT_CONVERSION = YES;
				CLANG_WARN_NON_LITERAL_NULL_CONVERSION = YES;
				CLANG_WARN_OBJC_IMPLICIT_RETAIN_SELF = YES;
				CLANG_WARN_OBJC_LITERAL_CONVERSION = YES;
				CLANG_WARN_OBJC_ROOT_CLASS = YES_ERROR;
				CLANG_WARN_QUOTED_INCLUDE_IN_FRAMEWORK_HEADER = YES;
				CLANG_WARN_RANGE_LOOP_ANALYSIS = YES;
				CLANG_WARN_STRICT_PROTOTYPES = YES;
				CLANG_WARN_SUSPICIOUS_MOVE = YES;
				CLANG_WARN_UNGUARDED_AVAILABILITY = YES_AGGRESSIVE;
				CLANG_WARN_UNREACHABLE_CODE = YES;
				CLANG_WARN__DUPLICATE_METHOD_MATCH = YES;
				COPY_PHASE_STRIP = NO;
				DEBUG_INFORMATION_FORMAT = dwarf;
				ENABLE_STRICT_OBJC_MSGSEND = YES;
				ENABLE_TESTABILITY = YES;
				GCC_C_LANGUAGE_STANDARD = gnu11;
				GCC_DYNAMIC_NO_PIC = NO;
				GCC_NO_COMMON_BLOCKS = YES;
				GCC_OPTIMIZATION_LEVEL = 0;
				GCC_PREPROCESSOR_DEFINITIONS = (
					"DEBUG=1",
					"$(inherited)",
				);
				GCC_WARN_64_TO_32_BIT_CONVERSION = YES;
				GCC_WARN_ABOUT_RETURN_TYPE = YES_ERROR;
				GCC_WARN_UNDECLARED_SELECTOR = YES;
				GCC_WARN_UNINITIALIZED_AUTOS = YES_AGGRESSIVE;
				GCC_WARN_UNUSED_FUNCTION = YES;
				GCC_WARN_UNUSED_VARIABLE = YES;
				IPHONEOS_DEPLOYMENT_TARGET = 16.4;
				MTL_ENABLE_DEBUG_INFO = INCLUDE_SOURCE;
				MTL_FAST_MATH = YES;
				ONLY_ACTIVE_ARCH = YES;
				SDKROOT = iphoneos;
				SWIFT_ACTIVE_COMPILATION_CONDITIONS = DEBUG;
				SWIFT_OPTIMIZATION_LEVEL = "-Onone";
			};
			name = Debug;
		};
		02DD10842A20F3E500DCFC0D /* Release */ = {
			isa = XCBuildConfiguration;
			buildSettings = {
				ALWAYS_SEARCH_USER_PATHS = NO;
				CLANG_ANALYZER_NONNULL = YES;
				CLANG_ANALYZER_NUMBER_OBJECT_CONVERSION = YES_AGGRESSIVE;
				CLANG_CXX_LANGUAGE_STANDARD = "gnu++20";
				CLANG_ENABLE_MODULES = YES;
				CLANG_ENABLE_OBJC_ARC = YES;
				CLANG_ENABLE_OBJC_WEAK = YES;
				CLANG_WARN_BLOCK_CAPTURE_AUTORELEASING = YES;
				CLANG_WARN_BOOL_CONVERSION = YES;
				CLANG_WARN_COMMA = YES;
				CLANG_WARN_CONSTANT_CONVERSION = YES;
				CLANG_WARN_DEPRECATED_OBJC_IMPLEMENTATIONS = YES;
				CLANG_WARN_DIRECT_OBJC_ISA_USAGE = YES_ERROR;
				CLANG_WARN_DOCUMENTATION_COMMENTS = YES;
				CLANG_WARN_EMPTY_BODY = YES;
				CLANG_WARN_ENUM_CONVERSION = YES;
				CLANG_WARN_INFINITE_RECURSION = YES;
				CLANG_WARN_INT_CONVERSION = YES;
				CLANG_WARN_NON_LITERAL_NULL_CONVERSION = YES;
				CLANG_WARN_OBJC_IMPLICIT_RETAIN_SELF = YES;
				CLANG_WARN_OBJC_LITERAL_CONVERSION = YES;
				CLANG_WARN_OBJC_ROOT_CLASS = YES_ERROR;
				CLANG_WARN_QUOTED_INCLUDE_IN_FRAMEWORK_HEADER = YES;
				CLANG_WARN_RANGE_LOOP_ANALYSIS = YES;
				CLANG_WARN_STRICT_PROTOTYPES = YES;
				CLANG_WARN_SUSPICIOUS_MOVE = YES;
				CLANG_WARN_UNGUARDED_AVAILABILITY = YES_AGGRESSIVE;
				CLANG_WARN_UNREACHABLE_CODE = YES;
				CLANG_WARN__DUPLICATE_METHOD_MATCH = YES;
				COPY_PHASE_STRIP = NO;
				DEBUG_INFORMATION_FORMAT = "dwarf-with-dsym";
				ENABLE_NS_ASSERTIONS = NO;
				ENABLE_STRICT_OBJC_MSGSEND = YES;
				GCC_C_LANGUAGE_STANDARD = gnu11;
				GCC_NO_COMMON_BLOCKS = YES;
				GCC_WARN_64_TO_32_BIT_CONVERSION = YES;
				GCC_WARN_ABOUT_RETURN_TYPE = YES_ERROR;
				GCC_WARN_UNDECLARED_SELECTOR = YES;
				GCC_WARN_UNINITIALIZED_AUTOS = YES_AGGRESSIVE;
				GCC_WARN_UNUSED_FUNCTION = YES;
				GCC_WARN_UNUSED_VARIABLE = YES;
				IPHONEOS_DEPLOYMENT_TARGET = 16.4;
				MTL_ENABLE_DEBUG_INFO = NO;
				MTL_FAST_MATH = YES;
				SDKROOT = iphoneos;
				SWIFT_COMPILATION_MODE = wholemodule;
				SWIFT_OPTIMIZATION_LEVEL = "-O";
				VALIDATE_PRODUCT = YES;
			};
			name = Release;
		};
		02DD10862A20F3E500DCFC0D /* Debug */ = {
			isa = XCBuildConfiguration;
			buildSettings = {
				ASSETCATALOG_COMPILER_APPICON_NAME = AppIcon;
				ASSETCATALOG_COMPILER_GLOBAL_ACCENT_COLOR_NAME = AccentColor;
				CODE_SIGN_STYLE = Automatic;
				CURRENT_PROJECT_VERSION = 1;
				DEVELOPMENT_TEAM = KFAFLC3XW8;
				GENERATE_INFOPLIST_FILE = YES;
				INFOPLIST_FILE = "ios-study-assignment/Info.plist";
				INFOPLIST_KEY_UIApplicationSupportsIndirectInputEvents = YES;
				INFOPLIST_KEY_UILaunchStoryboardName = LaunchScreen;
				INFOPLIST_KEY_UIMainStoryboardFile = Main;
				INFOPLIST_KEY_UISupportedInterfaceOrientations = UIInterfaceOrientationPortrait;
				LD_RUNPATH_SEARCH_PATHS = (
					"$(inherited)",
					"@executable_path/Frameworks",
				);
				MARKETING_VERSION = 1.0;
				PRODUCT_BUNDLE_IDENTIFIER = "choism.ios-study-assignment";
				PRODUCT_NAME = "$(TARGET_NAME)";
				SUPPORTED_PLATFORMS = "iphoneos iphonesimulator";
				SUPPORTS_MACCATALYST = NO;
				SUPPORTS_MAC_DESIGNED_FOR_IPHONE_IPAD = YES;
				SWIFT_EMIT_LOC_STRINGS = YES;
				SWIFT_VERSION = 5.0;
				TARGETED_DEVICE_FAMILY = 1;
			};
			name = Debug;
		};
		02DD10872A20F3E500DCFC0D /* Release */ = {
			isa = XCBuildConfiguration;
			buildSettings = {
				ASSETCATALOG_COMPILER_APPICON_NAME = AppIcon;
				ASSETCATALOG_COMPILER_GLOBAL_ACCENT_COLOR_NAME = AccentColor;
				CODE_SIGN_STYLE = Automatic;
				CURRENT_PROJECT_VERSION = 1;
				DEVELOPMENT_TEAM = KFAFLC3XW8;
				GENERATE_INFOPLIST_FILE = YES;
				INFOPLIST_FILE = "ios-study-assignment/Info.plist";
				INFOPLIST_KEY_UIApplicationSupportsIndirectInputEvents = YES;
				INFOPLIST_KEY_UILaunchStoryboardName = LaunchScreen;
				INFOPLIST_KEY_UIMainStoryboardFile = Main;
				INFOPLIST_KEY_UISupportedInterfaceOrientations = UIInterfaceOrientationPortrait;
				LD_RUNPATH_SEARCH_PATHS = (
					"$(inherited)",
					"@executable_path/Frameworks",
				);
				MARKETING_VERSION = 1.0;
				PRODUCT_BUNDLE_IDENTIFIER = "choism.ios-study-assignment";
				PRODUCT_NAME = "$(TARGET_NAME)";
				SUPPORTED_PLATFORMS = "iphoneos iphonesimulator";
				SUPPORTS_MACCATALYST = NO;
				SUPPORTS_MAC_DESIGNED_FOR_IPHONE_IPAD = YES;
				SWIFT_EMIT_LOC_STRINGS = YES;
				SWIFT_VERSION = 5.0;
				TARGETED_DEVICE_FAMILY = 1;
			};
			name = Release;
		};
		02DD10892A20F3E500DCFC0D /* Debug */ = {
			isa = XCBuildConfiguration;
			buildSettings = {
				ALWAYS_EMBED_SWIFT_STANDARD_LIBRARIES = YES;
				BUNDLE_LOADER = "$(TEST_HOST)";
				CODE_SIGN_STYLE = Automatic;
				CURRENT_PROJECT_VERSION = 1;
				DEVELOPMENT_TEAM = KFAFLC3XW8;
				GENERATE_INFOPLIST_FILE = YES;
				IPHONEOS_DEPLOYMENT_TARGET = 16.4;
				MARKETING_VERSION = 1.0;
				PRODUCT_BUNDLE_IDENTIFIER = "choism.ios-study-assignmentTests";
				PRODUCT_NAME = "$(TARGET_NAME)";
				SWIFT_EMIT_LOC_STRINGS = NO;
				SWIFT_VERSION = 5.0;
				TARGETED_DEVICE_FAMILY = "1,2";
				TEST_HOST = "$(BUILT_PRODUCTS_DIR)/ios-study-assignment.app/$(BUNDLE_EXECUTABLE_FOLDER_PATH)/ios-study-assignment";
			};
			name = Debug;
		};
		02DD108A2A20F3E500DCFC0D /* Release */ = {
			isa = XCBuildConfiguration;
			buildSettings = {
				ALWAYS_EMBED_SWIFT_STANDARD_LIBRARIES = YES;
				BUNDLE_LOADER = "$(TEST_HOST)";
				CODE_SIGN_STYLE = Automatic;
				CURRENT_PROJECT_VERSION = 1;
				DEVELOPMENT_TEAM = KFAFLC3XW8;
				GENERATE_INFOPLIST_FILE = YES;
				IPHONEOS_DEPLOYMENT_TARGET = 16.4;
				MARKETING_VERSION = 1.0;
				PRODUCT_BUNDLE_IDENTIFIER = "choism.ios-study-assignmentTests";
				PRODUCT_NAME = "$(TARGET_NAME)";
				SWIFT_EMIT_LOC_STRINGS = NO;
				SWIFT_VERSION = 5.0;
				TARGETED_DEVICE_FAMILY = "1,2";
				TEST_HOST = "$(BUILT_PRODUCTS_DIR)/ios-study-assignment.app/$(BUNDLE_EXECUTABLE_FOLDER_PATH)/ios-study-assignment";
			};
			name = Release;
		};
		02DD108C2A20F3E500DCFC0D /* Debug */ = {
			isa = XCBuildConfiguration;
			buildSettings = {
				ALWAYS_EMBED_SWIFT_STANDARD_LIBRARIES = YES;
				CODE_SIGN_STYLE = Automatic;
				CURRENT_PROJECT_VERSION = 1;
				DEVELOPMENT_TEAM = KFAFLC3XW8;
				GENERATE_INFOPLIST_FILE = YES;
				MARKETING_VERSION = 1.0;
				PRODUCT_BUNDLE_IDENTIFIER = "choism.ios-study-assignmentUITests";
				PRODUCT_NAME = "$(TARGET_NAME)";
				SWIFT_EMIT_LOC_STRINGS = NO;
				SWIFT_VERSION = 5.0;
				TARGETED_DEVICE_FAMILY = "1,2";
				TEST_TARGET_NAME = "ios-study-assignment";
			};
			name = Debug;
		};
		02DD108D2A20F3E500DCFC0D /* Release */ = {
			isa = XCBuildConfiguration;
			buildSettings = {
				ALWAYS_EMBED_SWIFT_STANDARD_LIBRARIES = YES;
				CODE_SIGN_STYLE = Automatic;
				CURRENT_PROJECT_VERSION = 1;
				DEVELOPMENT_TEAM = KFAFLC3XW8;
				GENERATE_INFOPLIST_FILE = YES;
				MARKETING_VERSION = 1.0;
				PRODUCT_BUNDLE_IDENTIFIER = "choism.ios-study-assignmentUITests";
				PRODUCT_NAME = "$(TARGET_NAME)";
				SWIFT_EMIT_LOC_STRINGS = NO;
				SWIFT_VERSION = 5.0;
				TARGETED_DEVICE_FAMILY = "1,2";
				TEST_TARGET_NAME = "ios-study-assignment";
			};
			name = Release;
		};
/* End XCBuildConfiguration section */

/* Begin XCConfigurationList section */
		02DD10562A20F3E100DCFC0D /* Build configuration list for PBXProject "ios-study-assignment" */ = {
			isa = XCConfigurationList;
			buildConfigurations = (
				02DD10832A20F3E500DCFC0D /* Debug */,
				02DD10842A20F3E500DCFC0D /* Release */,
			);
			defaultConfigurationIsVisible = 0;
			defaultConfigurationName = Release;
		};
		02DD10852A20F3E500DCFC0D /* Build configuration list for PBXNativeTarget "ios-study-assignment" */ = {
			isa = XCConfigurationList;
			buildConfigurations = (
				02DD10862A20F3E500DCFC0D /* Debug */,
				02DD10872A20F3E500DCFC0D /* Release */,
			);
			defaultConfigurationIsVisible = 0;
			defaultConfigurationName = Release;
		};
		02DD10882A20F3E500DCFC0D /* Build configuration list for PBXNativeTarget "ios-study-assignmentTests" */ = {
			isa = XCConfigurationList;
			buildConfigurations = (
				02DD10892A20F3E500DCFC0D /* Debug */,
				02DD108A2A20F3E500DCFC0D /* Release */,
			);
			defaultConfigurationIsVisible = 0;
			defaultConfigurationName = Release;
		};
		02DD108B2A20F3E500DCFC0D /* Build configuration list for PBXNativeTarget "ios-study-assignmentUITests" */ = {
			isa = XCConfigurationList;
			buildConfigurations = (
				02DD108C2A20F3E500DCFC0D /* Debug */,
				02DD108D2A20F3E500DCFC0D /* Release */,
			);
			defaultConfigurationIsVisible = 0;
			defaultConfigurationName = Release;
		};
/* End XCConfigurationList section */

/* Begin XCSwiftPackageProductDependency section */
		02DD10962A20F76100DCFC0D /* Common */ = {
			isa = XCSwiftPackageProductDependency;
			productName = Common;
		};
		02DD10982A20F76100DCFC0D /* Domain */ = {
			isa = XCSwiftPackageProductDependency;
			productName = Domain;
		};
		02DD109A2A20F76100DCFC0D /* Network */ = {
			isa = XCSwiftPackageProductDependency;
			productName = Network;
		};
/* End XCSwiftPackageProductDependency section */
	};
	rootObject = 02DD10532A20F3E100DCFC0D /* Project object */;
}
